
Microsoft Visual Studio Solution File, Format Version 12.00
# Visual Studio 15
VisualStudioVersion = 15.0.26730.12
MinimumVisualStudioVersion = 10.0.40219.1
Project("{8BC9CEB8-8B4A-11D0-8D11-00A0C91BC942}") = "Triangle", "Triangle\Triangle.vcxproj", "{DA0D2D31-0B4C-4E54-9118-A332AB706A06}"
EndProject
Global
	GlobalSection(SolutionConfigurationPlatforms) = preSolution
		Debug|x64 = Debug|x64
		Debug|x86 = Debug|x86
		Release|x64 = Release|x64
		Release|x86 = Release|x86
	EndGlobalSection
	GlobalSection(ProjectConfigurationPlatforms) = postSolution
		{DA0D2D31-0B4C-4E54-9118-A332AB706A06}.Debug|x64.ActiveCfg = Debug|x64
		{DA0D2D31-0B4C-4E54-9118-A332AB706A06}.Debug|x64.Build.0 = Debug|x64
		{DA0D2D31-0B4C-4E54-9118-A332AB706A06}.Debug|x86.ActiveCfg = Debug|Win32
		{DA0D2D31-0B4C-4E54-9118-A332AB706A06}.Debug|x86.Build.0 = Debug|Win32
		{DA0D2D31-0B4C-4E54-9118-A332AB706A06}.Release|x64.ActiveCfg = Release|x64
		{DA0D2D31-0B4C-4E54-9118-A332AB706A06}.Release|x64.Build.0 = Release|x64
		{DA0D2D31-0B4C-4E54-9118-A332AB706A06}.Release|x86.ActiveCfg = Release|Win32
		{DA0D2D31-0B4C-4E54-9118-A332AB706A06}.Release|x86.Build.0 = Release|Win32
	EndGlobalSection
	GlobalSection(SolutionProperties) = preSolution
		HideSolutionNode = FALSE
	EndGlobalSection
	GlobalSection(ExtensibilityGlobals) = postSolution
		SolutionGuid = {52AFD931-000D-4042-97DA-A165195316B5}
	EndGlobalSection
EndGlobal
